
Microsoft Visual Studio Solution File, Format Version 12.00
# Visual Studio 14
VisualStudioVersion = 14.0.24720.0
MinimumVisualStudioVersion = 10.0.40219.1
Project("{FAE04EC0-301F-11D3-BF4B-00C04F79EFBC}") = "2210-002-DaughertySteath-Project3", "CSCI-2210_DaughertySteath_Project3\2210-002-DaughertySteath-Project3.csproj", "{930D6ABE-D982-49B0-B3BD-C08C0B740252}"
EndProject
Global
	GlobalSection(SolutionConfigurationPlatforms) = preSolution
		Debug|Any CPU = Debug|Any CPU
		Release|Any CPU = Release|Any CPU
	EndGlobalSection
	GlobalSection(ProjectConfigurationPlatforms) = postSolution
		{930D6ABE-D982-49B0-B3BD-C08C0B740252}.Debug|Any CPU.ActiveCfg = Debug|Any CPU
		{930D6ABE-D982-49B0-B3BD-C08C0B740252}.Debug|Any CPU.Build.0 = Debug|Any CPU
		{930D6ABE-D982-49B0-B3BD-C08C0B740252}.Release|Any CPU.ActiveCfg = Release|Any CPU
		{930D6ABE-D982-49B0-B3BD-C08C0B740252}.Release|Any CPU.Build.0 = Release|Any CPU
	EndGlobalSection
	GlobalSection(SolutionProperties) = preSolution
		HideSolutionNode = FALSE
	EndGlobalSection
EndGlobal
